
Microsoft Visual Studio Solution File, Format Version 12.00
# Visual Studio Version 16
VisualStudioVersion = 16.0.30717.126
MinimumVisualStudioVersion = 10.0.40219.1
Project("{FAE04EC0-301F-11D3-BF4B-00C04F79EFBC}") = "Gameshop_AdoNet", "Gameshop_AdoNet\Gameshop_AdoNet.csproj", "{1F0FAE15-C41E-4DD8-B040-068C38C105E1}"
EndProject
Global
	GlobalSection(SolutionConfigurationPlatforms) = preSolution
		Debug|Any CPU = Debug|Any CPU
		Release|Any CPU = Release|Any CPU
	EndGlobalSection
	GlobalSection(ProjectConfigurationPlatforms) = postSolution
		{B350BCE1-D619-4FE5-910A-DD2E4BC3F120}.Debug|Any CPU.ActiveCfg = Debug|Any CPU
		{B350BCE1-D619-4FE5-910A-DD2E4BC3F120}.Debug|Any CPU.Build.0 = Debug|Any CPU
		{B350BCE1-D619-4FE5-910A-DD2E4BC3F120}.Release|Any CPU.ActiveCfg = Release|Any CPU
		{B350BCE1-D619-4FE5-910A-DD2E4BC3F120}.Release|Any CPU.Build.0 = Release|Any CPU
		{1F0FAE15-C41E-4DD8-B040-068C38C105E1}.Debug|Any CPU.ActiveCfg = Debug|Any CPU
		{1F0FAE15-C41E-4DD8-B040-068C38C105E1}.Debug|Any CPU.Build.0 = Debug|Any CPU
		{1F0FAE15-C41E-4DD8-B040-068C38C105E1}.Release|Any CPU.ActiveCfg = Release|Any CPU
		{1F0FAE15-C41E-4DD8-B040-068C38C105E1}.Release|Any CPU.Build.0 = Release|Any CPU
	EndGlobalSection
	GlobalSection(SolutionProperties) = preSolution
		HideSolutionNode = FALSE
	EndGlobalSection
	GlobalSection(ExtensibilityGlobals) = postSolution
		SolutionGuid = {D881D26D-9C62-4176-89A4-2FF2A7EEDCAB}
	EndGlobalSection
EndGlobal
